// !$*UTF8*$!
{
	archiveVersion = 1;
	classes = {
	};
	objectVersion = 56;
	objects = {

/* Begin PBXBuildFile section */
		7561F1632B0CDA500017BB10 /* W3T2_Wischgesten_CaApp.swift in Sources */ = {isa = PBXBuildFile; fileRef = 7561F1622B0CDA500017BB10 /* W3T2_Wischgesten_CaApp.swift */; };
		7561F1652B0CDA500017BB10 /* ContentView.swift in Sources */ = {isa = PBXBuildFile; fileRef = 7561F1642B0CDA500017BB10 /* ContentView.swift */; };
		7561F1672B0CDA510017BB10 /* Assets.xcassets in Resources */ = {isa = PBXBuildFile; fileRef = 7561F1662B0CDA510017BB10 /* Assets.xcassets */; };
		7561F16A2B0CDA510017BB10 /* Preview Assets.xcassets in Resources */ = {isa = PBXBuildFile; fileRef = 7561F1692B0CDA510017BB10 /* Preview Assets.xcassets */; };
		7561F1742B0CDA510017BB10 /* W3T2_Wischgesten_CaTests.swift in Sources */ = {isa = PBXBuildFile; fileRef = 7561F1732B0CDA510017BB10 /* W3T2_Wischgesten_CaTests.swift */; };
		7561F17E2B0CDA510017BB10 /* W3T2_Wischgesten_CaUITests.swift in Sources */ = {isa = PBXBuildFile; fileRef = 7561F17D2B0CDA510017BB10 /* W3T2_Wischgesten_CaUITests.swift */; };
		7561F1802B0CDA510017BB10 /* W3T2_Wischgesten_CaUITestsLaunchTests.swift in Sources */ = {isa = PBXBuildFile; fileRef = 7561F17F2B0CDA510017BB10 /* W3T2_Wischgesten_CaUITestsLaunchTests.swift */; };
/* End PBXBuildFile section */

/* Begin PBXContainerItemProxy section */
		7561F1702B0CDA510017BB10 /* PBXContainerItemProxy */ = {
			isa = PBXContainerItemProxy;
			containerPortal = 7561F1572B0CDA500017BB10 /* Project object */;
			proxyType = 1;
			remoteGlobalIDString = 7561F15E2B0CDA500017BB10;
			remoteInfo = W3T2_Wischgesten_Ca;
		};
		7561F17A2B0CDA510017BB10 /* PBXContainerItemProxy */ = {
			isa = PBXContainerItemProxy;
			containerPortal = 7561F1572B0CDA500017BB10 /* Project object */;
			proxyType = 1;
			remoteGlobalIDString = 7561F15E2B0CDA500017BB10;
			remoteInfo = W3T2_Wischgesten_Ca;
		};
/* End PBXContainerItemProxy section */

/* Begin PBXFileReference section */
		7561F15F2B0CDA500017BB10 /* W3T2_Wischgesten_Ca.app */ = {isa = PBXFileReference; explicitFileType = wrapper.application; includeInIndex = 0; path = W3T2_Wischgesten_Ca.app; sourceTree = BUILT_PRODUCTS_DIR; };
		7561F1622B0CDA500017BB10 /* W3T2_Wischgesten_CaApp.swift */ = {isa = PBXFileReference; lastKnownFileType = sourcecode.swift; path = W3T2_Wischgesten_CaApp.swift; sourceTree = "<group>"; };
		7561F1642B0CDA500017BB10 /* ContentView.swift */ = {isa = PBXFileReference; lastKnownFileType = sourcecode.swift; path = ContentView.swift; sourceTree = "<group>"; };
		7561F1662B0CDA510017BB10 /* Assets.xcassets */ = {isa = PBXFileReference; lastKnownFileType = folder.assetcatalog; path = Assets.xcassets; sourceTree = "<group>"; };
		7561F1692B0CDA510017BB10 /* Preview Assets.xcassets */ = {isa = PBXFileReference; lastKnownFileType = folder.assetcatalog; path = "Preview Assets.xcassets"; sourceTree = "<group>"; };
		7561F16F2B0CDA510017BB10 /* W3T2_Wischgesten_CaTests.xctest */ = {isa = PBXFileReference; explicitFileType = wrapper.cfbundle; includeInIndex = 0; path = W3T2_Wischgesten_CaTests.xctest; sourceTree = BUILT_PRODUCTS_DIR; };
		7561F1732B0CDA510017BB10 /* W3T2_Wischgesten_CaTests.swift */ = {isa = PBXFileReference; lastKnownFileType = sourcecode.swift; path = W3T2_Wischgesten_CaTests.swift; sourceTree = "<group>"; };
		7561F1792B0CDA510017BB10 /* W3T2_Wischgesten_CaUITests.xctest */ = {isa = PBXFileReference; explicitFileType = wrapper.cfbundle; includeInIndex = 0; path = W3T2_Wischgesten_CaUITests.xctest; sourceTree = BUILT_PRODUCTS_DIR; };
		7561F17D2B0CDA510017BB10 /* W3T2_Wischgesten_CaUITests.swift */ = {isa = PBXFileReference; lastKnownFileType = sourcecode.swift; path = W3T2_Wischgesten_CaUITests.swift; sourceTree = "<group>"; };
		7561F17F2B0CDA510017BB10 /* W3T2_Wischgesten_CaUITestsLaunchTests.swift */ = {isa = PBXFileReference; lastKnownFileType = sourcecode.swift; path = W3T2_Wischgesten_CaUITestsLaunchTests.swift; sourceTree = "<group>"; };
/* End PBXFileReference section */

/* Begin PBXFrameworksBuildPhase section */
		7561F15C2B0CDA500017BB10 /* Frameworks */ = {
			isa = PBXFrameworksBuildPhase;
			buildActionMask = 2147483647;
			files = (
			);
			runOnlyForDeploymentPostprocessing = 0;
		};
		7561F16C2B0CDA510017BB10 /* Frameworks */ = {
			isa = PBXFrameworksBuildPhase;
			buildActionMask = 2147483647;
			files = (
			);
			runOnlyForDeploymentPostprocessing = 0;
		};
		7561F1762B0CDA510017BB10 /* Frameworks */ = {
			isa = PBXFrameworksBuildPhase;
			buildActionMask = 2147483647;
			files = (
			);
			runOnlyForDeploymentPostprocessing = 0;
		};
/* End PBXFrameworksBuildPhase section */

/* Begin PBXGroup section */
		7561F1562B0CDA500017BB10 = {
			isa = PBXGroup;
			children = (
				7561F1612B0CDA500017BB10 /* W3T2_Wischgesten_Ca */,
				7561F1722B0CDA510017BB10 /* W3T2_Wischgesten_CaTests */,
				7561F17C2B0CDA510017BB10 /* W3T2_Wischgesten_CaUITests */,
				7561F1602B0CDA500017BB10 /* Products */,
			);
			sourceTree = "<group>";
		};
		7561F1602B0CDA500017BB10 /* Products */ = {
			isa = PBXGroup;
			children = (
				7561F15F2B0CDA500017BB10 /* W3T2_Wischgesten_Ca.app */,
				7561F16F2B0CDA510017BB10 /* W3T2_Wischgesten_CaTests.xctest */,
				7561F1792B0CDA510017BB10 /* W3T2_Wischgesten_CaUITests.xctest */,
			);
			name = Products;
			sourceTree = "<group>";
		};
		7561F1612B0CDA500017BB10 /* W3T2_Wischgesten_Ca */ = {
			isa = PBXGroup;
			children = (
				7561F1622B0CDA500017BB10 /* W3T2_Wischgesten_CaApp.swift */,
				7561F1642B0CDA500017BB10 /* ContentView.swift */,
				7561F1662B0CDA510017BB10 /* Assets.xcassets */,
				7561F1682B0CDA510017BB10 /* Preview Content */,
			);
			path = W3T2_Wischgesten_Ca;
			sourceTree = "<group>";
		};
		7561F1682B0CDA510017BB10 /* Preview Content */ = {
			isa = PBXGroup;
			children = (
				7561F1692B0CDA510017BB10 /* Preview Assets.xcassets */,
			);
			path = "Preview Content";
			sourceTree = "<group>";
		};
		7561F1722B0CDA510017BB10 /* W3T2_Wischgesten_CaTests */ = {
			isa = PBXGroup;
			children = (
				7561F1732B0CDA510017BB10 /* W3T2_Wischgesten_CaTests.swift */,
			);
			path = W3T2_Wischgesten_CaTests;
			sourceTree = "<group>";
		};
		7561F17C2B0CDA510017BB10 /* W3T2_Wischgesten_CaUITests */ = {
			isa = PBXGroup;
			children = (
				7561F17D2B0CDA510017BB10 /* W3T2_Wischgesten_CaUITests.swift */,
				7561F17F2B0CDA510017BB10 /* W3T2_Wischgesten_CaUITestsLaunchTests.swift */,
			);
			path = W3T2_Wischgesten_CaUITests;
			sourceTree = "<group>";
		};
/* End PBXGroup section */

/* Begin PBXNativeTarget section */
		7561F15E2B0CDA500017BB10 /* W3T2_Wischgesten_Ca */ = {
			isa = PBXNativeTarget;
			buildConfigurationList = 7561F1832B0CDA510017BB10 /* Build configuration list for PBXNativeTarget "W3T2_Wischgesten_Ca" */;
			buildPhases = (
				7561F15B2B0CDA500017BB10 /* Sources */,
				7561F15C2B0CDA500017BB10 /* Frameworks */,
				7561F15D2B0CDA500017BB10 /* Resources */,
			);
			buildRules = (
			);
			dependencies = (
			);
			name = W3T2_Wischgesten_Ca;
			productName = W3T2_Wischgesten_Ca;
			productReference = 7561F15F2B0CDA500017BB10 /* W3T2_Wischgesten_Ca.app */;
			productType = "com.apple.product-type.application";
		};
		7561F16E2B0CDA510017BB10 /* W3T2_Wischgesten_CaTests */ = {
			isa = PBXNativeTarget;
			buildConfigurationList = 7561F1862B0CDA510017BB10 /* Build configuration list for PBXNativeTarget "W3T2_Wischgesten_CaTests" */;
			buildPhases = (
				7561F16B2B0CDA510017BB10 /* Sources */,
				7561F16C2B0CDA510017BB10 /* Frameworks */,
				7561F16D2B0CDA510017BB10 /* Resources */,
			);
			buildRules = (
			);
			dependencies = (
				7561F1712B0CDA510017BB10 /* PBXTargetDependency */,
			);
			name = W3T2_Wischgesten_CaTests;
			productName = W3T2_Wischgesten_CaTests;
			productReference = 7561F16F2B0CDA510017BB10 /* W3T2_Wischgesten_CaTests.xctest */;
			productType = "com.apple.product-type.bundle.unit-test";
		};
		7561F1782B0CDA510017BB10 /* W3T2_Wischgesten_CaUITests */ = {
			isa = PBXNativeTarget;
			buildConfigurationList = 7561F1892B0CDA510017BB10 /* Build configuration list for PBXNativeTarget "W3T2_Wischgesten_CaUITests" */;
			buildPhases = (
				7561F1752B0CDA510017BB10 /* Sources */,
				7561F1762B0CDA510017BB10 /* Frameworks */,
				7561F1772B0CDA510017BB10 /* Resources */,
			);
			buildRules = (
			);
			dependencies = (
				7561F17B2B0CDA510017BB10 /* PBXTargetDependency */,
			);
			name = W3T2_Wischgesten_CaUITests;
			productName = W3T2_Wischgesten_CaUITests;
			productReference = 7561F1792B0CDA510017BB10 /* W3T2_Wischgesten_CaUITests.xctest */;
			productType = "com.apple.product-type.bundle.ui-testing";
		};
/* End PBXNativeTarget section */

/* Begin PBXProject section */
		7561F1572B0CDA500017BB10 /* Project object */ = {
			isa = PBXProject;
			attributes = {
				BuildIndependentTargetsInParallel = 1;
				LastSwiftUpdateCheck = 1500;
				LastUpgradeCheck = 1500;
				TargetAttributes = {
					7561F15E2B0CDA500017BB10 = {
						CreatedOnToolsVersion = 15.0.1;
					};
					7561F16E2B0CDA510017BB10 = {
						CreatedOnToolsVersion = 15.0.1;
						TestTargetID = 7561F15E2B0CDA500017BB10;
					};
					7561F1782B0CDA510017BB10 = {
						CreatedOnToolsVersion = 15.0.1;
						TestTargetID = 7561F15E2B0CDA500017BB10;
					};
				};
			};
			buildConfigurationList = 7561F15A2B0CDA500017BB10 /* Build configuration list for PBXProject "W3T2_Wischgesten_Ca" */;
			compatibilityVersion = "Xcode 14.0";
			developmentRegion = en;
			hasScannedForEncodings = 0;
			knownRegions = (
				en,
				Base,
			);
			mainGroup = 7561F1562B0CDA500017BB10;
			productRefGroup = 7561F1602B0CDA500017BB10 /* Products */;
			projectDirPath = "";
			projectRoot = "";
			targets = (
				7561F15E2B0CDA500017BB10 /* W3T2_Wischgesten_Ca */,
				7561F16E2B0CDA510017BB10 /* W3T2_Wischgesten_CaTests */,
				7561F1782B0CDA510017BB10 /* W3T2_Wischgesten_CaUITests */,
			);
		};
/* End PBXProject section */

/* Begin PBXResourcesBuildPhase section */
		7561F15D2B0CDA500017BB10 /* Resources */ = {
			isa = PBXResourcesBuildPhase;
			buildActionMask = 2147483647;
			files = (
				7561F16A2B0CDA510017BB10 /* Preview Assets.xcassets in Resources */,
				7561F1672B0CDA510017BB10 /* Assets.xcassets in Resources */,
			);
			runOnlyForDeploymentPostprocessing = 0;
		};
		7561F16D2B0CDA510017BB10 /* Resources */ = {
			isa = PBXResourcesBuildPhase;
			buildActionMask = 2147483647;
			files = (
			);
			runOnlyForDeploymentPostprocessing = 0;
		};
		7561F1772B0CDA510017BB10 /* Resources */ = {
			isa = PBXResourcesBuildPhase;
			buildActionMask = 2147483647;
			files = (
			);
			runOnlyForDeploymentPostprocessing = 0;
		};
/* End PBXResourcesBuildPhase section */

/* Begin PBXSourcesBuildPhase section */
		7561F15B2B0CDA500017BB10 /* Sources */ = {
			isa = PBXSourcesBuildPhase;
			buildActionMask = 2147483647;
			files = (
				7561F1652B0CDA500017BB10 /* ContentView.swift in Sources */,
				7561F1632B0CDA500017BB10 /* W3T2_Wischgesten_CaApp.swift in Sources */,
			);
			runOnlyForDeploymentPostprocessing = 0;
		};
		7561F16B2B0CDA510017BB10 /* Sources */ = {
			isa = PBXSourcesBuildPhase;
			buildActionMask = 2147483647;
			files = (
				7561F1742B0CDA510017BB10 /* W3T2_Wischgesten_CaTests.swift in Sources */,
			);
			runOnlyForDeploymentPostprocessing = 0;
		};
		7561F1752B0CDA510017BB10 /* Sources */ = {
			isa = PBXSourcesBuildPhase;
			buildActionMask = 2147483647;
			files = (
				7561F17E2B0CDA510017BB10 /* W3T2_Wischgesten_CaUITests.swift in Sources */,
				7561F1802B0CDA510017BB10 /* W3T2_Wischgesten_CaUITestsLaunchTests.swift in Sources */,
			);
			runOnlyForDeploymentPostprocessing = 0;
		};
/* End PBXSourcesBuildPhase section */

/* Begin PBXTargetDependency section */
		7561F1712B0CDA510017BB10 /* PBXTargetDependency */ = {
			isa = PBXTargetDependency;
			target = 7561F15E2B0CDA500017BB10 /* W3T2_Wischgesten_Ca */;
			targetProxy = 7561F1702B0CDA510017BB10 /* PBXContainerItemProxy */;
		};
		7561F17B2B0CDA510017BB10 /* PBXTargetDependency */ = {
			isa = PBXTargetDependency;
			target = 7561F15E2B0CDA500017BB10 /* W3T2_Wischgesten_Ca */;
			targetProxy = 7561F17A2B0CDA510017BB10 /* PBXContainerItemProxy */;
		};
/* End PBXTargetDependency section */

/* Begin XCBuildConfiguration section */
		7561F1812B0CDA510017BB10 /* Debug */ = {
			isa = XCBuildConfiguration;
			buildSettings = {
				ALWAYS_SEARCH_USER_PATHS = NO;
				ASSETCATALOG_COMPILER_GENERATE_SWIFT_ASSET_SYMBOL_EXTENSIONS = YES;
				CLANG_ANALYZER_NONNULL = YES;
				CLANG_ANALYZER_NUMBER_OBJECT_CONVERSION = YES_AGGRESSIVE;
				CLANG_CXX_LANGUAGE_STANDARD = "gnu++20";
				CLANG_ENABLE_MODULES = YES;
				CLANG_ENABLE_OBJC_ARC = YES;
				CLANG_ENABLE_OBJC_WEAK = YES;
				CLANG_WARN_BLOCK_CAPTURE_AUTORELEASING = YES;
				CLANG_WARN_BOOL_CONVERSION = YES;
				CLANG_WARN_COMMA = YES;
				CLANG_WARN_CONSTANT_CONVERSION = YES;
				CLANG_WARN_DEPRECATED_OBJC_IMPLEMENTATIONS = YES;
				CLANG_WARN_DIRECT_OBJC_ISA_USAGE = YES_ERROR;
				CLANG_WARN_DOCUMENTATION_COMMENTS = YES;
				CLANG_WARN_EMPTY_BODY = YES;
				CLANG_WARN_ENUM_CONVERSION = YES;
				CLANG_WARN_INFINITE_RECURSION = YES;
				CLANG_WARN_INT_CONVERSION = YES;
				CLANG_WARN_NON_LITERAL_NULL_CONVERSION = YES;
				CLANG_WARN_OBJC_IMPLICIT_RETAIN_SELF = YES;
				CLANG_WARN_OBJC_LITERAL_CONVERSION = YES;
				CLANG_WARN_OBJC_ROOT_CLASS = YES_ERROR;
				CLANG_WARN_QUOTED_INCLUDE_IN_FRAMEWORK_HEADER = YES;
				CLANG_WARN_RANGE_LOOP_ANALYSIS = YES;
				CLANG_WARN_STRICT_PROTOTYPES = YES;
				CLANG_WARN_SUSPICIOUS_MOVE = YES;
				CLANG_WARN_UNGUARDED_AVAILABILITY = YES_AGGRESSIVE;
				CLANG_WARN_UNREACHABLE_CODE = YES;
				CLANG_WARN__DUPLICATE_METHOD_MATCH = YES;
				COPY_PHASE_STRIP = NO;
				DEBUG_INFORMATION_FORMAT = dwarf;
				ENABLE_STRICT_OBJC_MSGSEND = YES;
				ENABLE_TESTABILITY = YES;
				ENABLE_USER_SCRIPT_SANDBOXING = YES;
				GCC_C_LANGUAGE_STANDARD = gnu17;
				GCC_DYNAMIC_NO_PIC = NO;
				GCC_NO_COMMON_BLOCKS = YES;
				GCC_OPTIMIZATION_LEVEL = 0;
				GCC_PREPROCESSOR_DEFINITIONS = (
					"DEBUG=1",
					"$(inherited)",
				);
				GCC_WARN_64_TO_32_BIT_CONVERSION = YES;
				GCC_WARN_ABOUT_RETURN_TYPE = YES_ERROR;
				GCC_WARN_UNDECLARED_SELECTOR = YES;
				GCC_WARN_UNINITIALIZED_AUTOS = YES_AGGRESSIVE;
				GCC_WARN_UNUSED_FUNCTION = YES;
				GCC_WARN_UNUSED_VARIABLE = YES;
				IPHONEOS_DEPLOYMENT_TARGET = 17.0;
				LOCALIZATION_PREFERS_STRING_CATALOGS = YES;
				MTL_ENABLE_DEBUG_INFO = INCLUDE_SOURCE;
				MTL_FAST_MATH = YES;
				ONLY_ACTIVE_ARCH = YES;
				SDKROOT = iphoneos;
				SWIFT_ACTIVE_COMPILATION_CONDITIONS = "DEBUG $(inherited)";
				SWIFT_OPTIMIZATION_LEVEL = "-Onone";
			};
			name = Debug;
		};
		7561F1822B0CDA510017BB10 /* Release */ = {
			isa = XCBuildConfiguration;
			buildSettings = {
				ALWAYS_SEARCH_USER_PATHS = NO;
				ASSETCATALOG_COMPILER_GENERATE_SWIFT_ASSET_SYMBOL_EXTENSIONS = YES;
				CLANG_ANALYZER_NONNULL = YES;
				CLANG_ANALYZER_NUMBER_OBJECT_CONVERSION = YES_AGGRESSIVE;
				CLANG_CXX_LANGUAGE_STANDARD = "gnu++20";
				CLANG_ENABLE_MODULES = YES;
				CLANG_ENABLE_OBJC_ARC = YES;
				CLANG_ENABLE_OBJC_WEAK = YES;
				CLANG_WARN_BLOCK_CAPTURE_AUTORELEASING = YES;
				CLANG_WARN_BOOL_CONVERSION = YES;
				CLANG_WARN_COMMA = YES;
				CLANG_WARN_CONSTANT_CONVERSION = YES;
				CLANG_WARN_DEPRECATED_OBJC_IMPLEMENTATIONS = YES;
				CLANG_WARN_DIRECT_OBJC_ISA_USAGE = YES_ERROR;
				CLANG_WARN_DOCUMENTATION_COMMENTS = YES;
				CLANG_WARN_EMPTY_BODY = YES;
				CLANG_WARN_ENUM_CONVERSION = YES;
				CLANG_WARN_INFINITE_RECURSION = YES;
				CLANG_WARN_INT_CONVERSION = YES;
				CLANG_WARN_NON_LITERAL_NULL_CONVERSION = YES;
				CLANG_WARN_OBJC_IMPLICIT_RETAIN_SELF = YES;
				CLANG_WARN_OBJC_LITERAL_CONVERSION = YES;
				CLANG_WARN_OBJC_ROOT_CLASS = YES_ERROR;
				CLANG_WARN_QUOTED_INCLUDE_IN_FRAMEWORK_HEADER = YES;
				CLANG_WARN_RANGE_LOOP_ANALYSIS = YES;
				CLANG_WARN_STRICT_PROTOTYPES = YES;
				CLANG_WARN_SUSPICIOUS_MOVE = YES;
				CLANG_WARN_UNGUARDED_AVAILABILITY = YES_AGGRESSIVE;
				CLANG_WARN_UNREACHABLE_CODE = YES;
				CLANG_WARN__DUPLICATE_METHOD_MATCH = YES;
				COPY_PHASE_STRIP = NO;
				DEBUG_INFORMATION_FORMAT = "dwarf-with-dsym";
				ENABLE_NS_ASSERTIONS = NO;
				ENABLE_STRICT_OBJC_MSGSEND = YES;
				ENABLE_USER_SCRIPT_SANDBOXING = YES;
				GCC_C_LANGUAGE_STANDARD = gnu17;
				GCC_NO_COMMON_BLOCKS = YES;
				GCC_WARN_64_TO_32_BIT_CONVERSION = YES;
				GCC_WARN_ABOUT_RETURN_TYPE = YES_ERROR;
				GCC_WARN_UNDECLARED_SELECTOR = YES;
				GCC_WARN_UNINITIALIZED_AUTOS = YES_AGGRESSIVE;
				GCC_WARN_UNUSED_FUNCTION = YES;
				GCC_WARN_UNUSED_VARIABLE = YES;
				IPHONEOS_DEPLOYMENT_TARGET = 17.0;
				LOCALIZATION_PREFERS_STRING_CATALOGS = YES;
				MTL_ENABLE_DEBUG_INFO = NO;
				MTL_FAST_MATH = YES;
				SDKROOT = iphoneos;
				SWIFT_COMPILATION_MODE = wholemodule;
				VALIDATE_PRODUCT = YES;
			};
			name = Release;
		};
		7561F1842B0CDA510017BB10 /* Debug */ = {
			isa = XCBuildConfiguration;
			buildSettings = {
				ASSETCATALOG_COMPILER_APPICON_NAME = AppIcon;
				ASSETCATALOG_COMPILER_GLOBAL_ACCENT_COLOR_NAME = AccentColor;
				CODE_SIGN_STYLE = Automatic;
				CURRENT_PROJECT_VERSION = 1;
				DEVELOPMENT_ASSET_PATHS = "\"W3T2_Wischgesten_Ca/Preview Content\"";
				ENABLE_PREVIEWS = YES;
				GENERATE_INFOPLIST_FILE = YES;
				INFOPLIST_KEY_UIApplicationSceneManifest_Generation = YES;
				INFOPLIST_KEY_UIApplicationSupportsIndirectInputEvents = YES;
				INFOPLIST_KEY_UILaunchScreen_Generation = YES;
				INFOPLIST_KEY_UISupportedInterfaceOrientations_iPad = "UIInterfaceOrientationPortrait UIInterfaceOrientationPortraitUpsideDown UIInterfaceOrientationLandscapeLeft UIInterfaceOrientationLandscapeRight";
				INFOPLIST_KEY_UISupportedInterfaceOrientations_iPhone = "UIInterfaceOrientationPortrait UIInterfaceOrientationLandscapeLeft UIInterfaceOrientationLandscapeRight";
				LD_RUNPATH_SEARCH_PATHS = (
					"$(inherited)",
					"@executable_path/Frameworks",
				);
				MARKETING_VERSION = 1.0;
				PRODUCT_BUNDLE_IDENTIFIER = "test.W3T2-Wischgesten-Ca";
				PRODUCT_NAME = "$(TARGET_NAME)";
				SWIFT_EMIT_LOC_STRINGS = YES;
				SWIFT_VERSION = 5.0;
				TARGETED_DEVICE_FAMILY = "1,2";
			};
			name = Debug;
		};
		7561F1852B0CDA510017BB10 /* Release */ = {
			isa = XCBuildConfiguration;
			buildSettings = {
				ASSETCATALOG_COMPILER_APPICON_NAME = AppIcon;
				ASSETCATALOG_COMPILER_GLOBAL_ACCENT_COLOR_NAME = AccentColor;
				CODE_SIGN_STYLE = Automatic;
				CURRENT_PROJECT_VERSION = 1;
				DEVELOPMENT_ASSET_PATHS = "\"W3T2_Wischgesten_Ca/Preview Content\"";
				ENABLE_PREVIEWS = YES;
				GENERATE_INFOPLIST_FILE = YES;
				INFOPLIST_KEY_UIApplicationSceneManifest_Generation = YES;
				INFOPLIST_KEY_UIApplicationSupportsIndirectInputEvents = YES;
				INFOPLIST_KEY_UILaunchScreen_Generation = YES;
				INFOPLIST_KEY_UISupportedInterfaceOrientations_iPad = "UIInterfaceOrientationPortrait UIInterfaceOrientationPortraitUpsideDown UIInterfaceOrientationLandscapeLeft UIInterfaceOrientationLandscapeRight";
				INFOPLIST_KEY_UISupportedInterfaceOrientations_iPhone = "UIInterfaceOrientationPortrait UIInterfaceOrientationLandscapeLeft UIInterfaceOrientationLandscapeRight";
				LD_RUNPATH_SEARCH_PATHS = (
					"$(inherited)",
					"@executable_path/Frameworks",
				);
				MARKETING_VERSION = 1.0;
				PRODUCT_BUNDLE_IDENTIFIER = "test.W3T2-Wischgesten-Ca";
				PRODUCT_NAME = "$(TARGET_NAME)";
				SWIFT_EMIT_LOC_STRINGS = YES;
				SWIFT_VERSION = 5.0;
				TARGETED_DEVICE_FAMILY = "1,2";
			};
			name = Release;
		};
		7561F1872B0CDA510017BB10 /* Debug */ = {
			isa = XCBuildConfiguration;
			buildSettings = {
				ALWAYS_EMBED_SWIFT_STANDARD_LIBRARIES = YES;
				BUNDLE_LOADER = "$(TEST_HOST)";
				CODE_SIGN_STYLE = Automatic;
				CURRENT_PROJECT_VERSION = 1;
				GENERATE_INFOPLIST_FILE = YES;
				IPHONEOS_DEPLOYMENT_TARGET = 17.0;
				MARKETING_VERSION = 1.0;
				PRODUCT_BUNDLE_IDENTIFIER = "test.W3T2-Wischgesten-CaTests";
				PRODUCT_NAME = "$(TARGET_NAME)";
				SWIFT_EMIT_LOC_STRINGS = NO;
				SWIFT_VERSION = 5.0;
				TARGETED_DEVICE_FAMILY = "1,2";
				TEST_HOST = "$(BUILT_PRODUCTS_DIR)/W3T2_Wischgesten_Ca.app/$(BUNDLE_EXECUTABLE_FOLDER_PATH)/W3T2_Wischgesten_Ca";
			};
			name = Debug;
		};
		7561F1882B0CDA510017BB10 /* Release */ = {
			isa = XCBuildConfiguration;
			buildSettings = {
				ALWAYS_EMBED_SWIFT_STANDARD_LIBRARIES = YES;
				BUNDLE_LOADER = "$(TEST_HOST)";
				CODE_SIGN_STYLE = Automatic;
				CURRENT_PROJECT_VERSION = 1;
				GENERATE_INFOPLIST_FILE = YES;
				IPHONEOS_DEPLOYMENT_TARGET = 17.0;
				MARKETING_VERSION = 1.0;
				PRODUCT_BUNDLE_IDENTIFIER = "test.W3T2-Wischgesten-CaTests";
				PRODUCT_NAME = "$(TARGET_NAME)";
				SWIFT_EMIT_LOC_STRINGS = NO;
				SWIFT_VERSION = 5.0;
				TARGETED_DEVICE_FAMILY = "1,2";
				TEST_HOST = "$(BUILT_PRODUCTS_DIR)/W3T2_Wischgesten_Ca.app/$(BUNDLE_EXECUTABLE_FOLDER_PATH)/W3T2_Wischgesten_Ca";
			};
			name = Release;
		};
		7561F18A2B0CDA510017BB10 /* Debug */ = {
			isa = XCBuildConfiguration;
			buildSettings = {
				ALWAYS_EMBED_SWIFT_STANDARD_LIBRARIES = YES;
				CODE_SIGN_STYLE = Automatic;
				CURRENT_PROJECT_VERSION = 1;
				GENERATE_INFOPLIST_FILE = YES;
				MARKETING_VERSION = 1.0;
				PRODUCT_BUNDLE_IDENTIFIER = "test.W3T2-Wischgesten-CaUITests";
				PRODUCT_NAME = "$(TARGET_NAME)";
				SWIFT_EMIT_LOC_STRINGS = NO;
				SWIFT_VERSION = 5.0;
				TARGETED_DEVICE_FAMILY = "1,2";
				TEST_TARGET_NAME = W3T2_Wischgesten_Ca;
			};
			name = Debug;
		};
		7561F18B2B0CDA510017BB10 /* Release */ = {
			isa = XCBuildConfiguration;
			buildSettings = {
				ALWAYS_EMBED_SWIFT_STANDARD_LIBRARIES = YES;
				CODE_SIGN_STYLE = Automatic;
				CURRENT_PROJECT_VERSION = 1;
				GENERATE_INFOPLIST_FILE = YES;
				MARKETING_VERSION = 1.0;
				PRODUCT_BUNDLE_IDENTIFIER = "test.W3T2-Wischgesten-CaUITests";
				PRODUCT_NAME = "$(TARGET_NAME)";
				SWIFT_EMIT_LOC_STRINGS = NO;
				SWIFT_VERSION = 5.0;
				TARGETED_DEVICE_FAMILY = "1,2";
				TEST_TARGET_NAME = W3T2_Wischgesten_Ca;
			};
			name = Release;
		};
/* End XCBuildConfiguration section */

/* Begin XCConfigurationList section */
		7561F15A2B0CDA500017BB10 /* Build configuration list for PBXProject "W3T2_Wischgesten_Ca" */ = {
			isa = XCConfigurationList;
			buildConfigurations = (
				7561F1812B0CDA510017BB10 /* Debug */,
				7561F1822B0CDA510017BB10 /* Release */,
			);
			defaultConfigurationIsVisible = 0;
			defaultConfigurationName = Release;
		};
		7561F1832B0CDA510017BB10 /* Build configuration list for PBXNativeTarget "W3T2_Wischgesten_Ca" */ = {
			isa = XCConfigurationList;
			buildConfigurations = (
				7561F1842B0CDA510017BB10 /* Debug */,
				7561F1852B0CDA510017BB10 /* Release */,
			);
			defaultConfigurationIsVisible = 0;
			defaultConfigurationName = Release;
		};
		7561F1862B0CDA510017BB10 /* Build configuration list for PBXNativeTarget "W3T2_Wischgesten_CaTests" */ = {
			isa = XCConfigurationList;
			buildConfigurations = (
				7561F1872B0CDA510017BB10 /* Debug */,
				7561F1882B0CDA510017BB10 /* Release */,
			);
			defaultConfigurationIsVisible = 0;
			defaultConfigurationName = Release;
		};
		7561F1892B0CDA510017BB10 /* Build configuration list for PBXNativeTarget "W3T2_Wischgesten_CaUITests" */ = {
			isa = XCConfigurationList;
			buildConfigurations = (
				7561F18A2B0CDA510017BB10 /* Debug */,
				7561F18B2B0CDA510017BB10 /* Release */,
			);
			defaultConfigurationIsVisible = 0;
			defaultConfigurationName = Release;
		};
/* End XCConfigurationList section */
	};
	rootObject = 7561F1572B0CDA500017BB10 /* Project object */;
}
